
Microsoft Visual Studio Solution File, Format Version 12.00
# Visual Studio Version 17
VisualStudioVersion = 17.3.32929.385
MinimumVisualStudioVersion = 10.0.40219.1
Project("{FAE04EC0-301F-11D3-BF4B-00C04F79EFBC}") = "PowerLab4", "PowerLab4\PowerLab4.csproj", "{C27A04B8-2A01-4E15-850D-1372AC9B8CED}"
EndProject
Global
	GlobalSection(SolutionConfigurationPlatforms) = preSolution
		Debug|Any CPU = Debug|Any CPU
		Release|Any CPU = Release|Any CPU
	EndGlobalSection
	GlobalSection(ProjectConfigurationPlatforms) = postSolution
		{C27A04B8-2A01-4E15-850D-1372AC9B8CED}.Debug|Any CPU.ActiveCfg = Debug|Any CPU
		{C27A04B8-2A01-4E15-850D-1372AC9B8CED}.Debug|Any CPU.Build.0 = Debug|Any CPU
		{C27A04B8-2A01-4E15-850D-1372AC9B8CED}.Release|Any CPU.ActiveCfg = Release|Any CPU
		{C27A04B8-2A01-4E15-850D-1372AC9B8CED}.Release|Any CPU.Build.0 = Release|Any CPU
	EndGlobalSection
	GlobalSection(SolutionProperties) = preSolution
		HideSolutionNode = FALSE
	EndGlobalSection
	GlobalSection(ExtensibilityGlobals) = postSolution
		SolutionGuid = {DCFC7006-E8AC-42ED-9FC2-01A36BF96B32}
	EndGlobalSection
EndGlobal
